
Microsoft Visual Studio Solution File, Format Version 12.00
# Visual Studio 14
VisualStudioVersion = 14.0.23107.0
MinimumVisualStudioVersion = 10.0.40219.1
Project("{2150E333-8FDC-42A3-9474-1A3956D46DE8}") = "OmuBumu", "OmuBumu", "{D3CF53AA-D233-4BFC-B690-5B109A5D639D}"
EndProject
Project("{D954291E-2A0B-460D-934E-DC6B0785DB48}") = "OmuBumu.Shared", "OmuBumu\OmuBumu.Shared\OmuBumu.Shared.shproj", "{64BE5474-5F82-47A9-BF1E-70A0BB05BE1D}"
EndProject
Project("{FAE04EC0-301F-11D3-BF4B-00C04F79EFBC}") = "OmuBumu.Windows", "OmuBumu\OmuBumu.Windows\OmuBumu.Windows.csproj", "{1F7A2EB9-843E-4DCE-93DD-E892AE27AA2D}"
EndProject
Project("{FAE04EC0-301F-11D3-BF4B-00C04F79EFBC}") = "OmuBumu.WindowsPhone", "OmuBumu\OmuBumu.WindowsPhone\OmuBumu.WindowsPhone.csproj", "{A1F9BB06-7EBB-4C72-9182-1894F65BB8CE}"
EndProject
Global
	GlobalSection(SharedMSBuildProjectFiles) = preSolution
		OmuBumu\OmuBumu.Shared\OmuBumu.Shared.projitems*{a1f9bb06-7ebb-4c72-9182-1894f65bb8ce}*SharedItemsImports = 4
		OmuBumu\OmuBumu.Shared\OmuBumu.Shared.projitems*{64be5474-5f82-47a9-bf1e-70a0bb05be1d}*SharedItemsImports = 13
		OmuBumu\OmuBumu.Shared\OmuBumu.Shared.projitems*{1f7a2eb9-843e-4dce-93dd-e892ae27aa2d}*SharedItemsImports = 4
	EndGlobalSection
	GlobalSection(SolutionConfigurationPlatforms) = preSolution
		Debug|Any CPU = Debug|Any CPU
		Debug|ARM = Debug|ARM
		Debug|x64 = Debug|x64
		Debug|x86 = Debug|x86
		Release|Any CPU = Release|Any CPU
		Release|ARM = Release|ARM
		Release|x64 = Release|x64
		Release|x86 = Release|x86
	EndGlobalSection
	GlobalSection(ProjectConfigurationPlatforms) = postSolution
		{1F7A2EB9-843E-4DCE-93DD-E892AE27AA2D}.Debug|Any CPU.ActiveCfg = Debug|Any CPU
		{1F7A2EB9-843E-4DCE-93DD-E892AE27AA2D}.Debug|Any CPU.Build.0 = Debug|Any CPU
		{1F7A2EB9-843E-4DCE-93DD-E892AE27AA2D}.Debug|Any CPU.Deploy.0 = Debug|Any CPU
		{1F7A2EB9-843E-4DCE-93DD-E892AE27AA2D}.Debug|ARM.ActiveCfg = Debug|ARM
		{1F7A2EB9-843E-4DCE-93DD-E892AE27AA2D}.Debug|ARM.Build.0 = Debug|ARM
		{1F7A2EB9-843E-4DCE-93DD-E892AE27AA2D}.Debug|ARM.Deploy.0 = Debug|ARM
		{1F7A2EB9-843E-4DCE-93DD-E892AE27AA2D}.Debug|x64.ActiveCfg = Debug|x64
		{1F7A2EB9-843E-4DCE-93DD-E892AE27AA2D}.Debug|x64.Build.0 = Debug|x64
		{1F7A2EB9-843E-4DCE-93DD-E892AE27AA2D}.Debug|x64.Deploy.0 = Debug|x64
		{1F7A2EB9-843E-4DCE-93DD-E892AE27AA2D}.Debug|x86.ActiveCfg = Debug|x86
		{1F7A2EB9-843E-4DCE-93DD-E892AE27AA2D}.Debug|x86.Build.0 = Debug|x86
		{1F7A2EB9-843E-4DCE-93DD-E892AE27AA2D}.Debug|x86.Deploy.0 = Debug|x86
		{1F7A2EB9-843E-4DCE-93DD-E892AE27AA2D}.Release|Any CPU.ActiveCfg = Release|Any CPU
		{1F7A2EB9-843E-4DCE-93DD-E892AE27AA2D}.Release|Any CPU.Build.0 = Release|Any CPU
		{1F7A2EB9-843E-4DCE-93DD-E892AE27AA2D}.Release|Any CPU.Deploy.0 = Release|Any CPU
		{1F7A2EB9-843E-4DCE-93DD-E892AE27AA2D}.Release|ARM.ActiveCfg = Release|ARM
		{1F7A2EB9-843E-4DCE-93DD-E892AE27AA2D}.Release|ARM.Build.0 = Release|ARM
		{1F7A2EB9-843E-4DCE-93DD-E892AE27AA2D}.Release|ARM.Deploy.0 = Release|ARM
		{1F7A2EB9-843E-4DCE-93DD-E892AE27AA2D}.Release|x64.ActiveCfg = Release|x64
		{1F7A2EB9-843E-4DCE-93DD-E892AE27AA2D}.Release|x64.Build.0 = Release|x64
		{1F7A2EB9-843E-4DCE-93DD-E892AE27AA2D}.Release|x64.Deploy.0 = Release|x64
		{1F7A2EB9-843E-4DCE-93DD-E892AE27AA2D}.Release|x86.ActiveCfg = Release|x86
		{1F7A2EB9-843E-4DCE-93DD-E892AE27AA2D}.Release|x86.Build.0 = Release|x86
		{1F7A2EB9-843E-4DCE-93DD-E892AE27AA2D}.Release|x86.Deploy.0 = Release|x86
		{A1F9BB06-7EBB-4C72-9182-1894F65BB8CE}.Debug|Any CPU.ActiveCfg = Debug|Any CPU
		{A1F9BB06-7EBB-4C72-9182-1894F65BB8CE}.Debug|Any CPU.Build.0 = Debug|Any CPU
		{A1F9BB06-7EBB-4C72-9182-1894F65BB8CE}.Debug|Any CPU.Deploy.0 = Debug|Any CPU
		{A1F9BB06-7EBB-4C72-9182-1894F65BB8CE}.Debug|ARM.ActiveCfg = Debug|ARM
		{A1F9BB06-7EBB-4C72-9182-1894F65BB8CE}.Debug|ARM.Build.0 = Debug|ARM
		{A1F9BB06-7EBB-4C72-9182-1894F65BB8CE}.Debug|ARM.Deploy.0 = Debug|ARM
		{A1F9BB06-7EBB-4C72-9182-1894F65BB8CE}.Debug|x64.ActiveCfg = Debug|Any CPU
		{A1F9BB06-7EBB-4C72-9182-1894F65BB8CE}.Debug|x86.ActiveCfg = Debug|x86
		{A1F9BB06-7EBB-4C72-9182-1894F65BB8CE}.Debug|x86.Build.0 = Debug|x86
		{A1F9BB06-7EBB-4C72-9182-1894F65BB8CE}.Debug|x86.Deploy.0 = Debug|x86
		{A1F9BB06-7EBB-4C72-9182-1894F65BB8CE}.Release|Any CPU.ActiveCfg = Release|Any CPU
		{A1F9BB06-7EBB-4C72-9182-1894F65BB8CE}.Release|Any CPU.Build.0 = Release|Any CPU
		{A1F9BB06-7EBB-4C72-9182-1894F65BB8CE}.Release|Any CPU.Deploy.0 = Release|Any CPU
		{A1F9BB06-7EBB-4C72-9182-1894F65BB8CE}.Release|ARM.ActiveCfg = Release|ARM
		{A1F9BB06-7EBB-4C72-9182-1894F65BB8CE}.Release|ARM.Build.0 = Release|ARM
		{A1F9BB06-7EBB-4C72-9182-1894F65BB8CE}.Release|ARM.Deploy.0 = Release|ARM
		{A1F9BB06-7EBB-4C72-9182-1894F65BB8CE}.Release|x64.ActiveCfg = Release|Any CPU
		{A1F9BB06-7EBB-4C72-9182-1894F65BB8CE}.Release|x86.ActiveCfg = Release|x86
		{A1F9BB06-7EBB-4C72-9182-1894F65BB8CE}.Release|x86.Build.0 = Release|x86
		{A1F9BB06-7EBB-4C72-9182-1894F65BB8CE}.Release|x86.Deploy.0 = Release|x86
	EndGlobalSection
	GlobalSection(SolutionProperties) = preSolution
		HideSolutionNode = FALSE
	EndGlobalSection
	GlobalSection(NestedProjects) = preSolution
		{64BE5474-5F82-47A9-BF1E-70A0BB05BE1D} = {D3CF53AA-D233-4BFC-B690-5B109A5D639D}
		{1F7A2EB9-843E-4DCE-93DD-E892AE27AA2D} = {D3CF53AA-D233-4BFC-B690-5B109A5D639D}
		{A1F9BB06-7EBB-4C72-9182-1894F65BB8CE} = {D3CF53AA-D233-4BFC-B690-5B109A5D639D}
	EndGlobalSection
	GlobalSection(TeamFoundationVersionControl) = preSolution
		SccNumberOfProjects = 5
		SccEnterpriseProvider = {4CA58AB2-18FA-4F8D-95D4-32DDF27D184C}
		SccTeamFoundationServer = https://highschooldeveloper.visualstudio.com/defaultcollection
		SccLocalPath0 = .
		SccProjectUniqueName1 = OmuBumu\\OmuBumu.Shared\\OmuBumu.Shared.projitems
		SccProjectTopLevelParentUniqueName1 = OmuBumu.sln
		SccProjectName1 = OmuBumu/OmuBumu.Shared
		SccLocalPath1 = OmuBumu\\OmuBumu.Shared
		SccProjectUniqueName2 = OmuBumu\\OmuBumu.Shared\\OmuBumu.Shared.shproj
		SccProjectTopLevelParentUniqueName2 = OmuBumu.sln
		SccProjectName2 = OmuBumu/OmuBumu.Shared
		SccLocalPath2 = OmuBumu\\OmuBumu.Shared
		SccProjectUniqueName3 = OmuBumu\\OmuBumu.Windows\\OmuBumu.Windows.csproj
		SccProjectTopLevelParentUniqueName3 = OmuBumu.sln
		SccProjectName3 = OmuBumu/OmuBumu.Windows
		SccLocalPath3 = OmuBumu\\OmuBumu.Windows
		SccProjectUniqueName4 = OmuBumu\\OmuBumu.WindowsPhone\\OmuBumu.WindowsPhone.csproj
		SccProjectTopLevelParentUniqueName4 = OmuBumu.sln
		SccProjectName4 = OmuBumu/OmuBumu.WindowsPhone
		SccLocalPath4 = OmuBumu\\OmuBumu.WindowsPhone
	EndGlobalSection
EndGlobal
